
Microsoft Visual Studio Solution File, Format Version 12.00
# Visual Studio 15
VisualStudioVersion = 15.0.26124.0
MinimumVisualStudioVersion = 15.0.26124.0
Project("{FAE04EC0-301F-11D3-BF4B-00C04F79EFBC}") = "WpfIdentity.Wpf", "WpfIdentity.Wpf\WpfIdentity.Wpf.csproj", "{53E8446C-A914-4E1C-8197-DA2C4EE515D0}"
EndProject
Project("{FAE04EC0-301F-11D3-BF4B-00C04F79EFBC}") = "WpfIdentity.IdentityServer", "WpfIdentity.IdentityServer\WpfIdentity.IdentityServer.csproj", "{A234478D-29B2-4E71-B784-8D39DA0C51A0}"
EndProject
Project("{FAE04EC0-301F-11D3-BF4B-00C04F79EFBC}") = "WpfIdentity.Api", "WpfIdentity.Api\WpfIdentity.Api.csproj", "{F6EB89BE-9368-411E-9595-53569A0BB750}"
EndProject
Global
	GlobalSection(SolutionConfigurationPlatforms) = preSolution
		Debug|Any CPU = Debug|Any CPU
		Debug|x64 = Debug|x64
		Debug|x86 = Debug|x86
		Release|Any CPU = Release|Any CPU
		Release|x64 = Release|x64
		Release|x86 = Release|x86
	EndGlobalSection
	GlobalSection(SolutionProperties) = preSolution
		HideSolutionNode = FALSE
	EndGlobalSection
	GlobalSection(ProjectConfigurationPlatforms) = postSolution
		{53E8446C-A914-4E1C-8197-DA2C4EE515D0}.Debug|Any CPU.ActiveCfg = Debug|Any CPU
		{53E8446C-A914-4E1C-8197-DA2C4EE515D0}.Debug|Any CPU.Build.0 = Debug|Any CPU
		{53E8446C-A914-4E1C-8197-DA2C4EE515D0}.Debug|x64.ActiveCfg = Debug|Any CPU
		{53E8446C-A914-4E1C-8197-DA2C4EE515D0}.Debug|x64.Build.0 = Debug|Any CPU
		{53E8446C-A914-4E1C-8197-DA2C4EE515D0}.Debug|x86.ActiveCfg = Debug|Any CPU
		{53E8446C-A914-4E1C-8197-DA2C4EE515D0}.Debug|x86.Build.0 = Debug|Any CPU
		{53E8446C-A914-4E1C-8197-DA2C4EE515D0}.Release|Any CPU.ActiveCfg = Release|Any CPU
		{53E8446C-A914-4E1C-8197-DA2C4EE515D0}.Release|Any CPU.Build.0 = Release|Any CPU
		{53E8446C-A914-4E1C-8197-DA2C4EE515D0}.Release|x64.ActiveCfg = Release|Any CPU
		{53E8446C-A914-4E1C-8197-DA2C4EE515D0}.Release|x64.Build.0 = Release|Any CPU
		{53E8446C-A914-4E1C-8197-DA2C4EE515D0}.Release|x86.ActiveCfg = Release|Any CPU
		{53E8446C-A914-4E1C-8197-DA2C4EE515D0}.Release|x86.Build.0 = Release|Any CPU
		{A234478D-29B2-4E71-B784-8D39DA0C51A0}.Debug|Any CPU.ActiveCfg = Debug|Any CPU
		{A234478D-29B2-4E71-B784-8D39DA0C51A0}.Debug|Any CPU.Build.0 = Debug|Any CPU
		{A234478D-29B2-4E71-B784-8D39DA0C51A0}.Debug|x64.ActiveCfg = Debug|Any CPU
		{A234478D-29B2-4E71-B784-8D39DA0C51A0}.Debug|x64.Build.0 = Debug|Any CPU
		{A234478D-29B2-4E71-B784-8D39DA0C51A0}.Debug|x86.ActiveCfg = Debug|Any CPU
		{A234478D-29B2-4E71-B784-8D39DA0C51A0}.Debug|x86.Build.0 = Debug|Any CPU
		{A234478D-29B2-4E71-B784-8D39DA0C51A0}.Release|Any CPU.ActiveCfg = Release|Any CPU
		{A234478D-29B2-4E71-B784-8D39DA0C51A0}.Release|Any CPU.Build.0 = Release|Any CPU
		{A234478D-29B2-4E71-B784-8D39DA0C51A0}.Release|x64.ActiveCfg = Release|Any CPU
		{A234478D-29B2-4E71-B784-8D39DA0C51A0}.Release|x64.Build.0 = Release|Any CPU
		{A234478D-29B2-4E71-B784-8D39DA0C51A0}.Release|x86.ActiveCfg = Release|Any CPU
		{A234478D-29B2-4E71-B784-8D39DA0C51A0}.Release|x86.Build.0 = Release|Any CPU
		{F6EB89BE-9368-411E-9595-53569A0BB750}.Debug|Any CPU.ActiveCfg = Debug|Any CPU
		{F6EB89BE-9368-411E-9595-53569A0BB750}.Debug|Any CPU.Build.0 = Debug|Any CPU
		{F6EB89BE-9368-411E-9595-53569A0BB750}.Debug|x64.ActiveCfg = Debug|Any CPU
		{F6EB89BE-9368-411E-9595-53569A0BB750}.Debug|x64.Build.0 = Debug|Any CPU
		{F6EB89BE-9368-411E-9595-53569A0BB750}.Debug|x86.ActiveCfg = Debug|Any CPU
		{F6EB89BE-9368-411E-9595-53569A0BB750}.Debug|x86.Build.0 = Debug|Any CPU
		{F6EB89BE-9368-411E-9595-53569A0BB750}.Release|Any CPU.ActiveCfg = Release|Any CPU
		{F6EB89BE-9368-411E-9595-53569A0BB750}.Release|Any CPU.Build.0 = Release|Any CPU
		{F6EB89BE-9368-411E-9595-53569A0BB750}.Release|x64.ActiveCfg = Release|Any CPU
		{F6EB89BE-9368-411E-9595-53569A0BB750}.Release|x64.Build.0 = Release|Any CPU
		{F6EB89BE-9368-411E-9595-53569A0BB750}.Release|x86.ActiveCfg = Release|Any CPU
		{F6EB89BE-9368-411E-9595-53569A0BB750}.Release|x86.Build.0 = Release|Any CPU
	EndGlobalSection
EndGlobal
